
Microsoft Visual Studio Solution File, Format Version 12.00
# Visual Studio Version 17
VisualStudioVersion = 17.4.33122.133
MinimumVisualStudioVersion = 10.0.40219.1
Project("{FAE04EC0-301F-11D3-BF4B-00C04F79EFBC}") = "DesktopApp", "DesktopApp.csproj", "{F6F3333F-0193-46C1-960C-F98AF109F9A7}"
EndProject
Global
	GlobalSection(SolutionConfigurationPlatforms) = preSolution
		Debug|Any CPU = Debug|Any CPU
		Release|Any CPU = Release|Any CPU
	EndGlobalSection
	GlobalSection(ProjectConfigurationPlatforms) = postSolution
		{F6F3333F-0193-46C1-960C-F98AF109F9A7}.Debug|Any CPU.ActiveCfg = Debug|Any CPU
		{F6F3333F-0193-46C1-960C-F98AF109F9A7}.Debug|Any CPU.Build.0 = Debug|Any CPU
		{F6F3333F-0193-46C1-960C-F98AF109F9A7}.Release|Any CPU.ActiveCfg = Release|Any CPU
		{F6F3333F-0193-46C1-960C-F98AF109F9A7}.Release|Any CPU.Build.0 = Release|Any CPU
	EndGlobalSection
	GlobalSection(SolutionProperties) = preSolution
		HideSolutionNode = FALSE
	EndGlobalSection
	GlobalSection(ExtensibilityGlobals) = postSolution
		SolutionGuid = {3FFF0120-BA28-4D7C-8EEC-073E74A0CC2F}
	EndGlobalSection
EndGlobal
